
Microsoft Visual Studio Solution File, Format Version 12.00
# Visual Studio Version 17
VisualStudioVersion = 17.2.32516.85
MinimumVisualStudioVersion = 10.0.40219.1
Project("{FAE04EC0-301F-11D3-BF4B-00C04F79EFBC}") = "NPL.Practice.T02.Problem01", "NPL.Practice.T02.Problem01\NPL.Practice.T02.Problem01.csproj", "{FE3E286B-2433-4942-8218-458055625948}"
EndProject
Project("{FAE04EC0-301F-11D3-BF4B-00C04F79EFBC}") = "NPL.Practice.T02.Problem02", "NPL.Practice.T02.Problem02\NPL.Practice.T02.Problem02.csproj", "{A96E4685-279A-4D8A-AD45-552B14AA5EF2}"
EndProject
Project("{FAE04EC0-301F-11D3-BF4B-00C04F79EFBC}") = "NPL.Practice.T02.Problem03", "NPL.Practice.T02.Problem03\NPL.Practice.T02.Problem03.csproj", "{C548C8B4-BFAD-4834-AE3E-6172F0925E40}"
EndProject
Global
	GlobalSection(SolutionConfigurationPlatforms) = preSolution
		Debug|Any CPU = Debug|Any CPU
		Release|Any CPU = Release|Any CPU
	EndGlobalSection
	GlobalSection(ProjectConfigurationPlatforms) = postSolution
		{FE3E286B-2433-4942-8218-458055625948}.Debug|Any CPU.ActiveCfg = Debug|Any CPU
		{FE3E286B-2433-4942-8218-458055625948}.Debug|Any CPU.Build.0 = Debug|Any CPU
		{FE3E286B-2433-4942-8218-458055625948}.Release|Any CPU.ActiveCfg = Release|Any CPU
		{FE3E286B-2433-4942-8218-458055625948}.Release|Any CPU.Build.0 = Release|Any CPU
		{A96E4685-279A-4D8A-AD45-552B14AA5EF2}.Debug|Any CPU.ActiveCfg = Debug|Any CPU
		{A96E4685-279A-4D8A-AD45-552B14AA5EF2}.Debug|Any CPU.Build.0 = Debug|Any CPU
		{A96E4685-279A-4D8A-AD45-552B14AA5EF2}.Release|Any CPU.ActiveCfg = Release|Any CPU
		{A96E4685-279A-4D8A-AD45-552B14AA5EF2}.Release|Any CPU.Build.0 = Release|Any CPU
		{C548C8B4-BFAD-4834-AE3E-6172F0925E40}.Debug|Any CPU.ActiveCfg = Debug|Any CPU
		{C548C8B4-BFAD-4834-AE3E-6172F0925E40}.Debug|Any CPU.Build.0 = Debug|Any CPU
		{C548C8B4-BFAD-4834-AE3E-6172F0925E40}.Release|Any CPU.ActiveCfg = Release|Any CPU
		{C548C8B4-BFAD-4834-AE3E-6172F0925E40}.Release|Any CPU.Build.0 = Release|Any CPU
	EndGlobalSection
	GlobalSection(SolutionProperties) = preSolution
		HideSolutionNode = FALSE
	EndGlobalSection
	GlobalSection(ExtensibilityGlobals) = postSolution
		SolutionGuid = {DB805B75-FF7D-483D-9030-9CB1F3563778}
	EndGlobalSection
EndGlobal
